
Microsoft Visual Studio Solution File, Format Version 12.00
# Visual Studio Version 16
VisualStudioVersion = 16.0.34031.81
MinimumVisualStudioVersion = 10.0.40219.1
Project("{FAE04EC0-301F-11D3-BF4B-00C04F79EFBC}") = "LibraryMgmtSystem", "LibraryMgmtSystem.csproj", "{C01F1A3D-4D8F-4DD5-947E-E309758698B0}"
EndProject
Global
	GlobalSection(SolutionConfigurationPlatforms) = preSolution
		Debug|Any CPU = Debug|Any CPU
		Release|Any CPU = Release|Any CPU
	EndGlobalSection
	GlobalSection(ProjectConfigurationPlatforms) = postSolution
		{C01F1A3D-4D8F-4DD5-947E-E309758698B0}.Debug|Any CPU.ActiveCfg = Debug|Any CPU
		{C01F1A3D-4D8F-4DD5-947E-E309758698B0}.Debug|Any CPU.Build.0 = Debug|Any CPU
		{C01F1A3D-4D8F-4DD5-947E-E309758698B0}.Release|Any CPU.ActiveCfg = Release|Any CPU
		{C01F1A3D-4D8F-4DD5-947E-E309758698B0}.Release|Any CPU.Build.0 = Release|Any CPU
	EndGlobalSection
	GlobalSection(SolutionProperties) = preSolution
		HideSolutionNode = FALSE
	EndGlobalSection
	GlobalSection(ExtensibilityGlobals) = postSolution
		SolutionGuid = {5C07B2C3-6A8E-4E2A-9868-D0DA7BC73EAA}
	EndGlobalSection
EndGlobal
